<Solution>
    <Folder Name="/Solution/">
        <File Path="common.props" />
        <File Path="Directory.Packages.props" />
        <File Path="global.props" />
        <File Path="NuGet.config" />
        <File Path="README.md" />
    </Folder>
    <Folder Name="/Source/">
        <Project Path="Source/Starfish.Domain/Starfish.Domain.csproj" />
        <Project Path="Source/Starfish.Facade/Starfish.Facade.csproj" />
        <Project Path="Source/Starfish.Persistent/Starfish.Persistent.csproj" />
        <Project Path="Source/Starfish.Repository/Starfish.Repository.csproj" />
        <Project Path="Source/Starfish.Server/Starfish.Server.csproj" />
        <Project Path="Source/Starfish.Shared/Starfish.Shared.csproj" />
        <Project Path="Source/Starfish.Toolkit/Starfish.Toolkit.csproj" />
        <Project Path="Source/Starfish.Transit/Starfish.Transit.csproj" />
    </Folder>
</Solution>
